
Microsoft Visual Studio Solution File, Format Version 12.00
# Visual Studio Version 16
VisualStudioVersion = 16.0.31729.503
MinimumVisualStudioVersion = 10.0.40219.1
Project("{FAE04EC0-301F-11D3-BF4B-00C04F79EFBC}") = "WindowsFormsApp1", "WindowsFormsApp1\WindowsFormsApp1.csproj", "{B3B8E821-25BB-478B-BAEF-8376DA79704B}"
EndProject
Global
	GlobalSection(SolutionConfigurationPlatforms) = preSolution
		Debug|Any CPU = Debug|Any CPU
		Release|Any CPU = Release|Any CPU
	EndGlobalSection
	GlobalSection(ProjectConfigurationPlatforms) = postSolution
		{B3B8E821-25BB-478B-BAEF-8376DA79704B}.Debug|Any CPU.ActiveCfg = Debug|Any CPU
		{B3B8E821-25BB-478B-BAEF-8376DA79704B}.Debug|Any CPU.Build.0 = Debug|Any CPU
		{B3B8E821-25BB-478B-BAEF-8376DA79704B}.Release|Any CPU.ActiveCfg = Release|Any CPU
		{B3B8E821-25BB-478B-BAEF-8376DA79704B}.Release|Any CPU.Build.0 = Release|Any CPU
	EndGlobalSection
	GlobalSection(SolutionProperties) = preSolution
		HideSolutionNode = FALSE
	EndGlobalSection
	GlobalSection(ExtensibilityGlobals) = postSolution
		SolutionGuid = {5D2F2114-E05E-4B62-ADA1-21AB3C72E6DF}
	EndGlobalSection
EndGlobal
